
Microsoft Visual Studio Solution File, Format Version 12.00
# Visual Studio Version 17
VisualStudioVersion = 17.1.32228.430
MinimumVisualStudioVersion = 10.0.40219.1
Project("{9A19103F-16F7-4668-BE54-9A1E7A4F7556}") = "Nucleus.Api", "Nucleus.Api\Nucleus.Api.csproj", "{95E99384-C6C0-4C69-8B6C-A81551E20CB5}"
EndProject
Project("{2150E333-8FDC-42A3-9474-1A3956D46DE8}") = "Modules", "Modules", "{D5D421B7-FCDC-4AE5-BEB7-6614DEEBF2C0}"
EndProject
Project("{2150E333-8FDC-42A3-9474-1A3956D46DE8}") = "Solutions", "Solutions", "{ED73E60E-4D24-48BF-9F93-99CBEA12267E}"
EndProject
Project("{2150E333-8FDC-42A3-9474-1A3956D46DE8}") = "Shared", "Shared", "{D9A021EF-50EA-47C1-89E7-61D2AC39AF6D}"
EndProject
Project("{9A19103F-16F7-4668-BE54-9A1E7A4F7556}") = "Nucleus.Core.Shared.Persistence", "Nucleus.Core.Shared.Persistence\Nucleus.Core.Shared.Persistence.csproj", "{5627FCAC-B19D-4FFA-9EEE-950C7CD17C47}"
EndProject
Project("{9A19103F-16F7-4668-BE54-9A1E7A4F7556}") = "Nucleus.Core.Shared.Business", "Nucleus.Core.Shared.Business\Nucleus.Core.Shared.Business.csproj", "{2E8636FC-4F63-4FE5-BD5C-6D8E41BECCAF}"
EndProject
Project("{9A19103F-16F7-4668-BE54-9A1E7A4F7556}") = "Nucleus.Core.Shared.Contracts", "Nucleus.Core.Shared.Contracts\Nucleus.Core.Shared.Contracts.csproj", "{0B1194FB-1FD3-4508-97FC-4317A57605AF}"
EndProject
Project("{2150E333-8FDC-42A3-9474-1A3956D46DE8}") = "Core", "Core", "{0E2ED895-CCE7-448C-8D2E-424977994097}"
EndProject
Project("{9A19103F-16F7-4668-BE54-9A1E7A4F7556}") = "Nucleus.Core.Contracts", "Nucleus.Core.Contracts\Nucleus.Core.Contracts.csproj", "{FCC5C467-2C76-46E9-A2EE-6BE3AE3EF0A6}"
EndProject
Project("{9A19103F-16F7-4668-BE54-9A1E7A4F7556}") = "Nucleus.Core.Controllers", "Nucleus.Core.Controllers\Nucleus.Core.Controllers.csproj", "{17A20CB4-6787-49EA-99A2-F21FB693F4C7}"
EndProject
Project("{9A19103F-16F7-4668-BE54-9A1E7A4F7556}") = "Nucleus.Core.Business", "Nucleus.Core.Business\Nucleus.Core.Business.csproj", "{57885E6C-4352-4645-8E9C-D902585BD795}"
EndProject
Project("{9A19103F-16F7-4668-BE54-9A1E7A4F7556}") = "Nucleus.Core.Persistence", "Nucleus.Core.Persistence\Nucleus.Core.Persistence.csproj", "{1ADFB704-9650-4E39-8FE4-000B0764586B}"
EndProject
Project("{2150E333-8FDC-42A3-9474-1A3956D46DE8}") = "SolutionItems", "SolutionItems", "{6BEF035F-ABDF-47D9-B230-B88FEE87B53B}"
	ProjectSection(SolutionItems) = preProject
		.editorconfig = .editorconfig
		.gitattributes = .gitattributes
		.gitignore = .gitignore
		.runsettings = .runsettings
		build.bat = build.bat
		deploy-data.bat = deploy-data.bat
		Directory.Build.props = Directory.Build.props
		Directory.Build.targets = Directory.Build.targets
		Eliassen.Packages.slnproj = Eliassen.Packages.slnproj
		generate-docs.bat = generate-docs.bat
		GitVersion.yml = GitVersion.yml
		global.json = global.json
		MongoDbSetup.md = MongoDbSetup.md
		package.bat = package.bat
		ProjectSetup.md = ProjectSetup.md
		readme.md = readme.md
		test.bat = test.bat
	EndProjectSection
EndProject
Project("{2150E333-8FDC-42A3-9474-1A3956D46DE8}") = "DataFiles", "DataFiles", "{94C15D97-C184-474C-943C-FEA25C66150D}"
EndProject
Project("{2150E333-8FDC-42A3-9474-1A3956D46DE8}") = "MongoDb", "MongoDb", "{D81411D8-E92B-41E9-82AA-75868D0083C1}"
	ProjectSection(SolutionItems) = preProject
		MongoDbSetup.md = MongoDbSetup.md
	EndProjectSection
EndProject
Project("{2150E333-8FDC-42A3-9474-1A3956D46DE8}") = "ExternalServices", "ExternalServices", "{23338E7F-E943-4D99-B58C-CFBB7F2F53B2}"
EndProject
Project("{2150E333-8FDC-42A3-9474-1A3956D46DE8}") = "Azure", "Azure", "{7F87E973-492B-437E-A5AC-C14580FFA0DD}"
EndProject
Project("{9A19103F-16F7-4668-BE54-9A1E7A4F7556}") = "Nucleus.External.Azure.StorageAccount", "Nucleus.External.Azure.StorageAccount\Nucleus.External.Azure.StorageAccount.csproj", "{7215F548-1EFC-461D-AFAC-B494D541751C}"
EndProject
Project("{2150E333-8FDC-42A3-9474-1A3956D46DE8}") = "SampleData", "SampleData", "{2D920C75-AEDB-4BC3-B8BD-51F3AD6CFA3D}"
	ProjectSection(SolutionItems) = preProject
		Conf\MongoDb\SampleData\documents.json = Conf\MongoDb\SampleData\documents.json
		Conf\MongoDb\SampleData\modules.json = Conf\MongoDb\SampleData\modules.json
		Conf\MongoDb\SampleData\users.json = Conf\MongoDb\SampleData\users.json
	EndProjectSection
EndProject
Project("{2150E333-8FDC-42A3-9474-1A3956D46DE8}") = "Pipelines", "Pipelines", "{39EF6F39-233A-4598-A953-8855B1399D92}"
	ProjectSection(SolutionItems) = preProject
		azure-pipelines.yml = azure-pipelines.yml
	EndProjectSection
EndProject
Project("{9A19103F-16F7-4668-BE54-9A1E7A4F7556}") = "Nucleus.Core.Shared.Controllers", "Nucleus.Core.Shared.Controllers\Nucleus.Core.Shared.Controllers.csproj", "{214F8295-D3E7-4EA2-B367-FF4318156D26}"
EndProject
Project("{2150E333-8FDC-42A3-9474-1A3956D46DE8}") = "Framework", "Framework", "{44FA51E2-00C0-4F5A-8F6D-9D0D0F61F1AC}"
EndProject
Project("{9A19103F-16F7-4668-BE54-9A1E7A4F7556}") = "Eliassen.System", "Framework\Eliassen.System\Eliassen.System.csproj", "{0A9FC04D-718E-4765-BFCD-DB46C734D7FB}"
EndProject
Project("{9A19103F-16F7-4668-BE54-9A1E7A4F7556}") = "Eliassen.System.Tests", "Framework\Eliassen.System.Tests\Eliassen.System.Tests.csproj", "{4BA71EDF-C6E6-4127-A223-0874B5F571F3}"
EndProject
Project("{9A19103F-16F7-4668-BE54-9A1E7A4F7556}") = "Eliassen.TestUtilities", "Framework\Eliassen.TestUtilities\Eliassen.TestUtilities.csproj", "{4C49EAE2-1F82-465F-9C70-5E63557A6E83}"
EndProject
Project("{9A19103F-16F7-4668-BE54-9A1E7A4F7556}") = "Eliassen.TestUtilities.Tests", "Framework\Eliassen.TestUtilities.Tests\Eliassen.TestUtilities.Tests.csproj", "{93A1F684-0F32-4FF7-B4EE-59FE8E63F2BF}"
EndProject
Project("{9A19103F-16F7-4668-BE54-9A1E7A4F7556}") = "Eliassen.AspNetCore.Mvc", "Framework\Eliassen.AspNetCore.Mvc\Eliassen.AspNetCore.Mvc.csproj", "{2B26B6F4-DB4A-4AF4-9DE5-582CB7E5E850}"
EndProject
Project("{2150E333-8FDC-42A3-9474-1A3956D46DE8}") = ".config", ".config", "{F1FECC6B-DCFF-461F-9B99-CA7E6C1FF543}"
	ProjectSection(SolutionItems) = preProject
		.config\dotnet-tools.json = .config\dotnet-tools.json
	EndProjectSection
EndProject
Project("{9A19103F-16F7-4668-BE54-9A1E7A4F7556}") = "Nucleus.AspNetCore.Mvc", "Nucleus.AspNetCore.Mvc\Nucleus.AspNetCore.Mvc.csproj", "{C6F18893-079B-4008-B799-5D99747B05B9}"
EndProject
Project("{2150E333-8FDC-42A3-9474-1A3956D46DE8}") = "Tools", "Tools", "{DE55B0F9-B6E3-46BA-A211-B778D687E980}"
EndProject
Project("{9A19103F-16F7-4668-BE54-9A1E7A4F7556}") = "Nucleus.Dataloader.Cli", "Tools\Nucleus.Dataloader.Cli\Nucleus.Dataloader.Cli.csproj", "{E7EEE536-1B46-420D-A078-87FCD0587C64}"
EndProject
Project("{9A19103F-16F7-4668-BE54-9A1E7A4F7556}") = "Eliassen.MongoDB.Extensions", "Framework\Eliassen.MongoDB.Extensions\Eliassen.MongoDB.Extensions.csproj", "{9DF8B275-5C90-4FD9-8560-267754F781B2}"
EndProject
Project("{9A19103F-16F7-4668-BE54-9A1E7A4F7556}") = "Nucleus.TemplateEngine.Cli", "Tools\Nucleus.TemplateEngine.Cli\Nucleus.TemplateEngine.Cli.csproj", "{37677667-A1F2-4A6A-8C4F-03CDB993BE6F}"
EndProject
Project("{9A19103F-16F7-4668-BE54-9A1E7A4F7556}") = "Eliassen.Handlebars.Extensions", "Framework\Eliassen.Handlebars.Extensions\Eliassen.Handlebars.Extensions.csproj", "{A020AC66-3934-4529-B661-DDD79AE7A43B}"
EndProject
Project("{9A19103F-16F7-4668-BE54-9A1E7A4F7556}") = "Eliassen.System.Abstractions", "Framework\Eliassen.System.Abstractions\Eliassen.System.Abstractions.csproj", "{FA9DEE5A-48BF-478D-ABBB-1300660FB786}"
EndProject
Project("{2150E333-8FDC-42A3-9474-1A3956D46DE8}") = "docs", "docs", "{26D6201D-81AD-4596-BEE5-DE42FC5EE58D}"
	ProjectSection(SolutionItems) = preProject
		docs\swagger.json = docs\swagger.json
		docs\swagger.yaml = docs\swagger.yaml
	EndProjectSection
EndProject
Project("{2150E333-8FDC-42A3-9474-1A3956D46DE8}") = "Libraries", "Libraries", "{7796027A-C66D-46FD-867E-5751E7FADE50}"
	ProjectSection(SolutionItems) = preProject
		docs\Libraries\Eliassen.AspNetCore.Mvc.md = docs\Libraries\Eliassen.AspNetCore.Mvc.md
		docs\Libraries\Eliassen.MongoDB.Extensions.md = docs\Libraries\Eliassen.MongoDB.Extensions.md
		docs\Libraries\Eliassen.System.Abstractions.md = docs\Libraries\Eliassen.System.Abstractions.md
		docs\Libraries\Eliassen.System.md = docs\Libraries\Eliassen.System.md
		docs\Libraries\Nucleus.Core.Controllers.md = docs\Libraries\Nucleus.Core.Controllers.md
		docs\Libraries\Nucleus.Core.Shared.Controllers.md = docs\Libraries\Nucleus.Core.Shared.Controllers.md
	EndProjectSection
EndProject
Project("{2150E333-8FDC-42A3-9474-1A3956D46DE8}") = "Framework", "Framework", "{E6BCF7BB-2130-43E9-960F-EBE6C79BDDD8}"
	ProjectSection(SolutionItems) = preProject
		docs\Framework\CultureInfoMiddleware.md = docs\Framework\CultureInfoMiddleware.md
		docs\Framework\CultureInfoMiddleware.pdf = docs\Framework\CultureInfoMiddleware.pdf
		docs\Framework\SearchQueryMiddleware.md = docs\Framework\SearchQueryMiddleware.md
		docs\Framework\SearchQueryMiddleware.pdf = docs\Framework\SearchQueryMiddleware.pdf
	EndProjectSection
EndProject
Project("{2150E333-8FDC-42A3-9474-1A3956D46DE8}") = "Design", "Design", "{04470E53-0CD0-4AA0-BFE0-C28DDE5C34B3}"
	ProjectSection(SolutionItems) = preProject
		docs\Framework\Design\DynamicSearchFilter.md = docs\Framework\Design\DynamicSearchFilter.md
		docs\Framework\Design\DynamicSearchFilter.pdf = docs\Framework\Design\DynamicSearchFilter.pdf
	EndProjectSection
EndProject
Project("{2150E333-8FDC-42A3-9474-1A3956D46DE8}") = "Microsoft", "Microsoft", "{71129CCF-1669-468F-A0B3-7A306149C3F5}"
EndProject
Project("{9A19103F-16F7-4668-BE54-9A1E7A4F7556}") = "Nucleus.External.Microsoft.B2C", "Nucleus.External.Microsoft.B2C\Nucleus.External.Microsoft.B2C.csproj", "{C8870C3E-BCD0-448E-B299-B2BEAB99ADD2}"
EndProject
Project("{9A19103F-16F7-4668-BE54-9A1E7A4F7556}") = "Nucleus.External.Microsoft.B2C.Abstractions", "Nucleus.External.Microsoft.B2C.Abstractions\Nucleus.External.Microsoft.B2C.Abstractions.csproj", "{03457C04-55D1-45C0-AF5D-B5D5C49B4657}"
EndProject
Project("{9A19103F-16F7-4668-BE54-9A1E7A4F7556}") = "Nucleus.External.Microsoft.B2C.Tests", "Nucleus.External.Microsoft.B2C.Tests\Nucleus.External.Microsoft.B2C.Tests.csproj", "{526F2BCF-56F5-47F4-9585-705A542BB4FC}"
EndProject
Project("{9A19103F-16F7-4668-BE54-9A1E7A4F7556}") = "Nucleus.External.Azure.StorageAccount.Abstractions", "Nucleus.External.Azure.StorageAccount.Abstractions\Nucleus.External.Azure.StorageAccount.Abstractions.csproj", "{05ABA648-9629-4A22-98F5-FDA00F47515F}"
EndProject
Project("{9A19103F-16F7-4668-BE54-9A1E7A4F7556}") = "Nucleus.External.Azure.StorageAccount.Tests", "Nucleus.External.Azure.StorageAccount.Tests\Nucleus.External.Azure.StorageAccount.Tests.csproj", "{8AF65E33-00FE-4180-BFAF-C1027E6ED6D1}"
EndProject
Project("{9A19103F-16F7-4668-BE54-9A1E7A4F7556}") = "Nucleus.Core.Shared.Tests", "Nucleus.Core.Shared.Tests\Nucleus.Core.Shared.Tests.csproj", "{925B47C2-9593-4359-B79D-40370B12856F}"
EndProject
Global
	GlobalSection(SolutionConfigurationPlatforms) = preSolution
		Debug|Any CPU = Debug|Any CPU
		Release|Any CPU = Release|Any CPU
	EndGlobalSection
	GlobalSection(ProjectConfigurationPlatforms) = postSolution
		{95E99384-C6C0-4C69-8B6C-A81551E20CB5}.Debug|Any CPU.ActiveCfg = Debug|Any CPU
		{95E99384-C6C0-4C69-8B6C-A81551E20CB5}.Debug|Any CPU.Build.0 = Debug|Any CPU
		{95E99384-C6C0-4C69-8B6C-A81551E20CB5}.Release|Any CPU.ActiveCfg = Release|Any CPU
		{95E99384-C6C0-4C69-8B6C-A81551E20CB5}.Release|Any CPU.Build.0 = Release|Any CPU
		{5627FCAC-B19D-4FFA-9EEE-950C7CD17C47}.Debug|Any CPU.ActiveCfg = Debug|Any CPU
		{5627FCAC-B19D-4FFA-9EEE-950C7CD17C47}.Debug|Any CPU.Build.0 = Debug|Any CPU
		{5627FCAC-B19D-4FFA-9EEE-950C7CD17C47}.Release|Any CPU.ActiveCfg = Release|Any CPU
		{5627FCAC-B19D-4FFA-9EEE-950C7CD17C47}.Release|Any CPU.Build.0 = Release|Any CPU
		{2E8636FC-4F63-4FE5-BD5C-6D8E41BECCAF}.Debug|Any CPU.ActiveCfg = Debug|Any CPU
		{2E8636FC-4F63-4FE5-BD5C-6D8E41BECCAF}.Debug|Any CPU.Build.0 = Debug|Any CPU
		{2E8636FC-4F63-4FE5-BD5C-6D8E41BECCAF}.Release|Any CPU.ActiveCfg = Release|Any CPU
		{2E8636FC-4F63-4FE5-BD5C-6D8E41BECCAF}.Release|Any CPU.Build.0 = Release|Any CPU
		{0B1194FB-1FD3-4508-97FC-4317A57605AF}.Debug|Any CPU.ActiveCfg = Debug|Any CPU
		{0B1194FB-1FD3-4508-97FC-4317A57605AF}.Debug|Any CPU.Build.0 = Debug|Any CPU
		{0B1194FB-1FD3-4508-97FC-4317A57605AF}.Release|Any CPU.ActiveCfg = Release|Any CPU
		{0B1194FB-1FD3-4508-97FC-4317A57605AF}.Release|Any CPU.Build.0 = Release|Any CPU
		{FCC5C467-2C76-46E9-A2EE-6BE3AE3EF0A6}.Debug|Any CPU.ActiveCfg = Debug|Any CPU
		{FCC5C467-2C76-46E9-A2EE-6BE3AE3EF0A6}.Debug|Any CPU.Build.0 = Debug|Any CPU
		{FCC5C467-2C76-46E9-A2EE-6BE3AE3EF0A6}.Release|Any CPU.ActiveCfg = Release|Any CPU
		{FCC5C467-2C76-46E9-A2EE-6BE3AE3EF0A6}.Release|Any CPU.Build.0 = Release|Any CPU
		{17A20CB4-6787-49EA-99A2-F21FB693F4C7}.Debug|Any CPU.ActiveCfg = Debug|Any CPU
		{17A20CB4-6787-49EA-99A2-F21FB693F4C7}.Debug|Any CPU.Build.0 = Debug|Any CPU
		{17A20CB4-6787-49EA-99A2-F21FB693F4C7}.Release|Any CPU.ActiveCfg = Release|Any CPU
		{17A20CB4-6787-49EA-99A2-F21FB693F4C7}.Release|Any CPU.Build.0 = Release|Any CPU
		{57885E6C-4352-4645-8E9C-D902585BD795}.Debug|Any CPU.ActiveCfg = Debug|Any CPU
		{57885E6C-4352-4645-8E9C-D902585BD795}.Debug|Any CPU.Build.0 = Debug|Any CPU
		{57885E6C-4352-4645-8E9C-D902585BD795}.Release|Any CPU.ActiveCfg = Release|Any CPU
		{57885E6C-4352-4645-8E9C-D902585BD795}.Release|Any CPU.Build.0 = Release|Any CPU
		{1ADFB704-9650-4E39-8FE4-000B0764586B}.Debug|Any CPU.ActiveCfg = Debug|Any CPU
		{1ADFB704-9650-4E39-8FE4-000B0764586B}.Debug|Any CPU.Build.0 = Debug|Any CPU
		{1ADFB704-9650-4E39-8FE4-000B0764586B}.Release|Any CPU.ActiveCfg = Release|Any CPU
		{1ADFB704-9650-4E39-8FE4-000B0764586B}.Release|Any CPU.Build.0 = Release|Any CPU
		{7215F548-1EFC-461D-AFAC-B494D541751C}.Debug|Any CPU.ActiveCfg = Debug|Any CPU
		{7215F548-1EFC-461D-AFAC-B494D541751C}.Debug|Any CPU.Build.0 = Debug|Any CPU
		{7215F548-1EFC-461D-AFAC-B494D541751C}.Release|Any CPU.ActiveCfg = Release|Any CPU
		{7215F548-1EFC-461D-AFAC-B494D541751C}.Release|Any CPU.Build.0 = Release|Any CPU
		{214F8295-D3E7-4EA2-B367-FF4318156D26}.Debug|Any CPU.ActiveCfg = Debug|Any CPU
		{214F8295-D3E7-4EA2-B367-FF4318156D26}.Debug|Any CPU.Build.0 = Debug|Any CPU
		{214F8295-D3E7-4EA2-B367-FF4318156D26}.Release|Any CPU.ActiveCfg = Release|Any CPU
		{214F8295-D3E7-4EA2-B367-FF4318156D26}.Release|Any CPU.Build.0 = Release|Any CPU
		{0A9FC04D-718E-4765-BFCD-DB46C734D7FB}.Debug|Any CPU.ActiveCfg = Debug|Any CPU
		{0A9FC04D-718E-4765-BFCD-DB46C734D7FB}.Debug|Any CPU.Build.0 = Debug|Any CPU
		{0A9FC04D-718E-4765-BFCD-DB46C734D7FB}.Release|Any CPU.ActiveCfg = Release|Any CPU
		{0A9FC04D-718E-4765-BFCD-DB46C734D7FB}.Release|Any CPU.Build.0 = Release|Any CPU
		{4BA71EDF-C6E6-4127-A223-0874B5F571F3}.Debug|Any CPU.ActiveCfg = Debug|Any CPU
		{4BA71EDF-C6E6-4127-A223-0874B5F571F3}.Debug|Any CPU.Build.0 = Debug|Any CPU
		{4BA71EDF-C6E6-4127-A223-0874B5F571F3}.Release|Any CPU.ActiveCfg = Release|Any CPU
		{4BA71EDF-C6E6-4127-A223-0874B5F571F3}.Release|Any CPU.Build.0 = Release|Any CPU
		{4C49EAE2-1F82-465F-9C70-5E63557A6E83}.Debug|Any CPU.ActiveCfg = Debug|Any CPU
		{4C49EAE2-1F82-465F-9C70-5E63557A6E83}.Debug|Any CPU.Build.0 = Debug|Any CPU
		{4C49EAE2-1F82-465F-9C70-5E63557A6E83}.Release|Any CPU.ActiveCfg = Release|Any CPU
		{4C49EAE2-1F82-465F-9C70-5E63557A6E83}.Release|Any CPU.Build.0 = Release|Any CPU
		{93A1F684-0F32-4FF7-B4EE-59FE8E63F2BF}.Debug|Any CPU.ActiveCfg = Debug|Any CPU
		{93A1F684-0F32-4FF7-B4EE-59FE8E63F2BF}.Debug|Any CPU.Build.0 = Debug|Any CPU
		{93A1F684-0F32-4FF7-B4EE-59FE8E63F2BF}.Release|Any CPU.ActiveCfg = Release|Any CPU
		{93A1F684-0F32-4FF7-B4EE-59FE8E63F2BF}.Release|Any CPU.Build.0 = Release|Any CPU
		{2B26B6F4-DB4A-4AF4-9DE5-582CB7E5E850}.Debug|Any CPU.ActiveCfg = Debug|Any CPU
		{2B26B6F4-DB4A-4AF4-9DE5-582CB7E5E850}.Debug|Any CPU.Build.0 = Debug|Any CPU
		{2B26B6F4-DB4A-4AF4-9DE5-582CB7E5E850}.Release|Any CPU.ActiveCfg = Release|Any CPU
		{2B26B6F4-DB4A-4AF4-9DE5-582CB7E5E850}.Release|Any CPU.Build.0 = Release|Any CPU
		{C6F18893-079B-4008-B799-5D99747B05B9}.Debug|Any CPU.ActiveCfg = Debug|Any CPU
		{C6F18893-079B-4008-B799-5D99747B05B9}.Debug|Any CPU.Build.0 = Debug|Any CPU
		{C6F18893-079B-4008-B799-5D99747B05B9}.Release|Any CPU.ActiveCfg = Release|Any CPU
		{C6F18893-079B-4008-B799-5D99747B05B9}.Release|Any CPU.Build.0 = Release|Any CPU
		{E7EEE536-1B46-420D-A078-87FCD0587C64}.Debug|Any CPU.ActiveCfg = Debug|Any CPU
		{E7EEE536-1B46-420D-A078-87FCD0587C64}.Debug|Any CPU.Build.0 = Debug|Any CPU
		{E7EEE536-1B46-420D-A078-87FCD0587C64}.Release|Any CPU.ActiveCfg = Release|Any CPU
		{E7EEE536-1B46-420D-A078-87FCD0587C64}.Release|Any CPU.Build.0 = Release|Any CPU
		{9DF8B275-5C90-4FD9-8560-267754F781B2}.Debug|Any CPU.ActiveCfg = Debug|Any CPU
		{9DF8B275-5C90-4FD9-8560-267754F781B2}.Debug|Any CPU.Build.0 = Debug|Any CPU
		{9DF8B275-5C90-4FD9-8560-267754F781B2}.Release|Any CPU.ActiveCfg = Release|Any CPU
		{9DF8B275-5C90-4FD9-8560-267754F781B2}.Release|Any CPU.Build.0 = Release|Any CPU
		{37677667-A1F2-4A6A-8C4F-03CDB993BE6F}.Debug|Any CPU.ActiveCfg = Debug|Any CPU
		{37677667-A1F2-4A6A-8C4F-03CDB993BE6F}.Debug|Any CPU.Build.0 = Debug|Any CPU
		{37677667-A1F2-4A6A-8C4F-03CDB993BE6F}.Release|Any CPU.ActiveCfg = Release|Any CPU
		{37677667-A1F2-4A6A-8C4F-03CDB993BE6F}.Release|Any CPU.Build.0 = Release|Any CPU
		{A020AC66-3934-4529-B661-DDD79AE7A43B}.Debug|Any CPU.ActiveCfg = Debug|Any CPU
		{A020AC66-3934-4529-B661-DDD79AE7A43B}.Debug|Any CPU.Build.0 = Debug|Any CPU
		{A020AC66-3934-4529-B661-DDD79AE7A43B}.Release|Any CPU.ActiveCfg = Release|Any CPU
		{A020AC66-3934-4529-B661-DDD79AE7A43B}.Release|Any CPU.Build.0 = Release|Any CPU
		{FA9DEE5A-48BF-478D-ABBB-1300660FB786}.Debug|Any CPU.ActiveCfg = Debug|Any CPU
		{FA9DEE5A-48BF-478D-ABBB-1300660FB786}.Debug|Any CPU.Build.0 = Debug|Any CPU
		{FA9DEE5A-48BF-478D-ABBB-1300660FB786}.Release|Any CPU.ActiveCfg = Release|Any CPU
		{FA9DEE5A-48BF-478D-ABBB-1300660FB786}.Release|Any CPU.Build.0 = Release|Any CPU
		{C8870C3E-BCD0-448E-B299-B2BEAB99ADD2}.Debug|Any CPU.ActiveCfg = Debug|Any CPU
		{C8870C3E-BCD0-448E-B299-B2BEAB99ADD2}.Debug|Any CPU.Build.0 = Debug|Any CPU
		{C8870C3E-BCD0-448E-B299-B2BEAB99ADD2}.Release|Any CPU.ActiveCfg = Release|Any CPU
		{C8870C3E-BCD0-448E-B299-B2BEAB99ADD2}.Release|Any CPU.Build.0 = Release|Any CPU
		{03457C04-55D1-45C0-AF5D-B5D5C49B4657}.Debug|Any CPU.ActiveCfg = Debug|Any CPU
		{03457C04-55D1-45C0-AF5D-B5D5C49B4657}.Debug|Any CPU.Build.0 = Debug|Any CPU
		{03457C04-55D1-45C0-AF5D-B5D5C49B4657}.Release|Any CPU.ActiveCfg = Release|Any CPU
		{03457C04-55D1-45C0-AF5D-B5D5C49B4657}.Release|Any CPU.Build.0 = Release|Any CPU
		{526F2BCF-56F5-47F4-9585-705A542BB4FC}.Debug|Any CPU.ActiveCfg = Debug|Any CPU
		{526F2BCF-56F5-47F4-9585-705A542BB4FC}.Debug|Any CPU.Build.0 = Debug|Any CPU
		{526F2BCF-56F5-47F4-9585-705A542BB4FC}.Release|Any CPU.ActiveCfg = Release|Any CPU
		{526F2BCF-56F5-47F4-9585-705A542BB4FC}.Release|Any CPU.Build.0 = Release|Any CPU
		{05ABA648-9629-4A22-98F5-FDA00F47515F}.Debug|Any CPU.ActiveCfg = Debug|Any CPU
		{05ABA648-9629-4A22-98F5-FDA00F47515F}.Debug|Any CPU.Build.0 = Debug|Any CPU
		{05ABA648-9629-4A22-98F5-FDA00F47515F}.Release|Any CPU.ActiveCfg = Release|Any CPU
		{05ABA648-9629-4A22-98F5-FDA00F47515F}.Release|Any CPU.Build.0 = Release|Any CPU
		{8AF65E33-00FE-4180-BFAF-C1027E6ED6D1}.Debug|Any CPU.ActiveCfg = Debug|Any CPU
		{8AF65E33-00FE-4180-BFAF-C1027E6ED6D1}.Debug|Any CPU.Build.0 = Debug|Any CPU
		{8AF65E33-00FE-4180-BFAF-C1027E6ED6D1}.Release|Any CPU.ActiveCfg = Release|Any CPU
		{8AF65E33-00FE-4180-BFAF-C1027E6ED6D1}.Release|Any CPU.Build.0 = Release|Any CPU
		{925B47C2-9593-4359-B79D-40370B12856F}.Debug|Any CPU.ActiveCfg = Debug|Any CPU
		{925B47C2-9593-4359-B79D-40370B12856F}.Debug|Any CPU.Build.0 = Debug|Any CPU
		{925B47C2-9593-4359-B79D-40370B12856F}.Release|Any CPU.ActiveCfg = Release|Any CPU
		{925B47C2-9593-4359-B79D-40370B12856F}.Release|Any CPU.Build.0 = Release|Any CPU
	EndGlobalSection
	GlobalSection(SolutionProperties) = preSolution
		HideSolutionNode = FALSE
	EndGlobalSection
	GlobalSection(NestedProjects) = preSolution
		{95E99384-C6C0-4C69-8B6C-A81551E20CB5} = {ED73E60E-4D24-48BF-9F93-99CBEA12267E}
		{D9A021EF-50EA-47C1-89E7-61D2AC39AF6D} = {D5D421B7-FCDC-4AE5-BEB7-6614DEEBF2C0}
		{5627FCAC-B19D-4FFA-9EEE-950C7CD17C47} = {D9A021EF-50EA-47C1-89E7-61D2AC39AF6D}
		{2E8636FC-4F63-4FE5-BD5C-6D8E41BECCAF} = {D9A021EF-50EA-47C1-89E7-61D2AC39AF6D}
		{0B1194FB-1FD3-4508-97FC-4317A57605AF} = {D9A021EF-50EA-47C1-89E7-61D2AC39AF6D}
		{0E2ED895-CCE7-448C-8D2E-424977994097} = {D5D421B7-FCDC-4AE5-BEB7-6614DEEBF2C0}
		{FCC5C467-2C76-46E9-A2EE-6BE3AE3EF0A6} = {0E2ED895-CCE7-448C-8D2E-424977994097}
		{17A20CB4-6787-49EA-99A2-F21FB693F4C7} = {0E2ED895-CCE7-448C-8D2E-424977994097}
		{57885E6C-4352-4645-8E9C-D902585BD795} = {0E2ED895-CCE7-448C-8D2E-424977994097}
		{1ADFB704-9650-4E39-8FE4-000B0764586B} = {0E2ED895-CCE7-448C-8D2E-424977994097}
		{94C15D97-C184-474C-943C-FEA25C66150D} = {6BEF035F-ABDF-47D9-B230-B88FEE87B53B}
		{D81411D8-E92B-41E9-82AA-75868D0083C1} = {94C15D97-C184-474C-943C-FEA25C66150D}
		{7F87E973-492B-437E-A5AC-C14580FFA0DD} = {23338E7F-E943-4D99-B58C-CFBB7F2F53B2}
		{7215F548-1EFC-461D-AFAC-B494D541751C} = {7F87E973-492B-437E-A5AC-C14580FFA0DD}
		{2D920C75-AEDB-4BC3-B8BD-51F3AD6CFA3D} = {D81411D8-E92B-41E9-82AA-75868D0083C1}
		{39EF6F39-233A-4598-A953-8855B1399D92} = {6BEF035F-ABDF-47D9-B230-B88FEE87B53B}
		{214F8295-D3E7-4EA2-B367-FF4318156D26} = {D9A021EF-50EA-47C1-89E7-61D2AC39AF6D}
		{0A9FC04D-718E-4765-BFCD-DB46C734D7FB} = {44FA51E2-00C0-4F5A-8F6D-9D0D0F61F1AC}
		{4BA71EDF-C6E6-4127-A223-0874B5F571F3} = {44FA51E2-00C0-4F5A-8F6D-9D0D0F61F1AC}
		{4C49EAE2-1F82-465F-9C70-5E63557A6E83} = {44FA51E2-00C0-4F5A-8F6D-9D0D0F61F1AC}
		{93A1F684-0F32-4FF7-B4EE-59FE8E63F2BF} = {44FA51E2-00C0-4F5A-8F6D-9D0D0F61F1AC}
		{2B26B6F4-DB4A-4AF4-9DE5-582CB7E5E850} = {44FA51E2-00C0-4F5A-8F6D-9D0D0F61F1AC}
		{F1FECC6B-DCFF-461F-9B99-CA7E6C1FF543} = {6BEF035F-ABDF-47D9-B230-B88FEE87B53B}
		{C6F18893-079B-4008-B799-5D99747B05B9} = {D5D421B7-FCDC-4AE5-BEB7-6614DEEBF2C0}
		{E7EEE536-1B46-420D-A078-87FCD0587C64} = {DE55B0F9-B6E3-46BA-A211-B778D687E980}
		{9DF8B275-5C90-4FD9-8560-267754F781B2} = {44FA51E2-00C0-4F5A-8F6D-9D0D0F61F1AC}
		{37677667-A1F2-4A6A-8C4F-03CDB993BE6F} = {DE55B0F9-B6E3-46BA-A211-B778D687E980}
		{A020AC66-3934-4529-B661-DDD79AE7A43B} = {44FA51E2-00C0-4F5A-8F6D-9D0D0F61F1AC}
		{FA9DEE5A-48BF-478D-ABBB-1300660FB786} = {44FA51E2-00C0-4F5A-8F6D-9D0D0F61F1AC}
		{26D6201D-81AD-4596-BEE5-DE42FC5EE58D} = {6BEF035F-ABDF-47D9-B230-B88FEE87B53B}
		{7796027A-C66D-46FD-867E-5751E7FADE50} = {26D6201D-81AD-4596-BEE5-DE42FC5EE58D}
		{E6BCF7BB-2130-43E9-960F-EBE6C79BDDD8} = {26D6201D-81AD-4596-BEE5-DE42FC5EE58D}
		{04470E53-0CD0-4AA0-BFE0-C28DDE5C34B3} = {E6BCF7BB-2130-43E9-960F-EBE6C79BDDD8}
		{71129CCF-1669-468F-A0B3-7A306149C3F5} = {23338E7F-E943-4D99-B58C-CFBB7F2F53B2}
		{C8870C3E-BCD0-448E-B299-B2BEAB99ADD2} = {71129CCF-1669-468F-A0B3-7A306149C3F5}
		{03457C04-55D1-45C0-AF5D-B5D5C49B4657} = {71129CCF-1669-468F-A0B3-7A306149C3F5}
		{526F2BCF-56F5-47F4-9585-705A542BB4FC} = {71129CCF-1669-468F-A0B3-7A306149C3F5}
		{05ABA648-9629-4A22-98F5-FDA00F47515F} = {7F87E973-492B-437E-A5AC-C14580FFA0DD}
		{8AF65E33-00FE-4180-BFAF-C1027E6ED6D1} = {7F87E973-492B-437E-A5AC-C14580FFA0DD}
		{925B47C2-9593-4359-B79D-40370B12856F} = {D9A021EF-50EA-47C1-89E7-61D2AC39AF6D}
	EndGlobalSection
	GlobalSection(ExtensibilityGlobals) = postSolution
		SolutionGuid = {92959CB8-A44C-4F0D-BBCF-C99B014BEEAD}
	EndGlobalSection
EndGlobal
